
Microsoft Visual Studio Solution File, Format Version 12.00
# Visual Studio 15
VisualStudioVersion = 15.0.28307.271
MinimumVisualStudioVersion = 10.0.40219.1
Project("{DA7A21FA-8162-4350-AD77-A8D1B671F3ED}") = "R_GitHub", "R_GitHub\R_GitHub.rxproj", "{C621986B-9ECC-46C6-A74E-EB037B24CC5A}"
EndProject
Global
	GlobalSection(SolutionConfigurationPlatforms) = preSolution
		Debug|Any CPU = Debug|Any CPU
		Release|Any CPU = Release|Any CPU
	EndGlobalSection
	GlobalSection(ProjectConfigurationPlatforms) = postSolution
		{C621986B-9ECC-46C6-A74E-EB037B24CC5A}.Debug|Any CPU.ActiveCfg = Debug|Any CPU
		{C621986B-9ECC-46C6-A74E-EB037B24CC5A}.Debug|Any CPU.Build.0 = Debug|Any CPU
		{C621986B-9ECC-46C6-A74E-EB037B24CC5A}.Release|Any CPU.ActiveCfg = Release|Any CPU
		{C621986B-9ECC-46C6-A74E-EB037B24CC5A}.Release|Any CPU.Build.0 = Release|Any CPU
	EndGlobalSection
	GlobalSection(SolutionProperties) = preSolution
		HideSolutionNode = FALSE
	EndGlobalSection
	GlobalSection(ExtensibilityGlobals) = postSolution
		SolutionGuid = {18913F90-8331-4A89-89CC-37E46479615D}
	EndGlobalSection
EndGlobal
